// !$*UTF8*$!
{
	archiveVersion = 1;
	classes = {
	};
	objectVersion = 55;
	objects = {

/* Begin PBXBuildFile section */
		273EDA7A27CD3222003420C1 /* Main.storyboard in Resources */ = {isa = PBXBuildFile; fileRef = 273EDA7827CD3222003420C1 /* Main.storyboard */; };
		273EDA7C27CD3223003420C1 /* Assets.xcassets in Resources */ = {isa = PBXBuildFile; fileRef = 273EDA7B27CD3223003420C1 /* Assets.xcassets */; };
		273EDA7F27CD3223003420C1 /* LaunchScreen.storyboard in Resources */ = {isa = PBXBuildFile; fileRef = 273EDA7D27CD3223003420C1 /* LaunchScreen.storyboard */; };
		273EDA9127CD3562003420C1 /* Constants.swift in Sources */ = {isa = PBXBuildFile; fileRef = 273EDA8827CD3562003420C1 /* Constants.swift */; };
		273EDA9227CD3562003420C1 /* NetworkManager.swift in Sources */ = {isa = PBXBuildFile; fileRef = 273EDA8A27CD3562003420C1 /* NetworkManager.swift */; };
		273EDA9327CD3562003420C1 /* Extensions.swift in Sources */ = {isa = PBXBuildFile; fileRef = 273EDA8B27CD3562003420C1 /* Extensions.swift */; };
		273EDA9427CD3562003420C1 /* AppDelegate.swift in Sources */ = {isa = PBXBuildFile; fileRef = 273EDA8F27CD3562003420C1 /* AppDelegate.swift */; };
		273EDA9527CD3562003420C1 /* SceneDelegate.swift in Sources */ = {isa = PBXBuildFile; fileRef = 273EDA9027CD3562003420C1 /* SceneDelegate.swift */; };
		273EDA9827CD39BB003420C1 /* PhotoGalleryViewModel.swift in Sources */ = {isa = PBXBuildFile; fileRef = 273EDA9727CD39BB003420C1 /* PhotoGalleryViewModel.swift */; };
		273EDA9A27CD39D6003420C1 /* PhotoGalleryViewC.swift in Sources */ = {isa = PBXBuildFile; fileRef = 273EDA9927CD39D6003420C1 /* PhotoGalleryViewC.swift */; };
		273EDA9C27CD3AC6003420C1 /* PhotoGallery.swift in Sources */ = {isa = PBXBuildFile; fileRef = 273EDA9B27CD3AC6003420C1 /* PhotoGallery.swift */; };
		273EDA9E27CD6A0D003420C1 /* PhotoGalleryTableCell.swift in Sources */ = {isa = PBXBuildFile; fileRef = 273EDA9D27CD6A0D003420C1 /* PhotoGalleryTableCell.swift */; };
		2764DB9127CD7F9800E4D397 /* PhotoPreviewViewC.swift in Sources */ = {isa = PBXBuildFile; fileRef = 2764DB9027CD7F9800E4D397 /* PhotoPreviewViewC.swift */; };
		2764DB9327CD807D00E4D397 /* PhotoPreviewViewModel.swift in Sources */ = {isa = PBXBuildFile; fileRef = 2764DB9227CD807D00E4D397 /* PhotoPreviewViewModel.swift */; };
		F8B052EA6A6A47A69BDC96F5 /* Pods_FlickrPhotoGallery.framework in Frameworks */ = {isa = PBXBuildFile; fileRef = B683D592E3AF1F08D60C8014 /* Pods_FlickrPhotoGallery.framework */; };
/* End PBXBuildFile section */

/* Begin PBXFileReference section */
		273EDA6F27CD3222003420C1 /* FlickrPhotoGallery.app */ = {isa = PBXFileReference; explicitFileType = wrapper.application; includeInIndex = 0; path = FlickrPhotoGallery.app; sourceTree = BUILT_PRODUCTS_DIR; };
		273EDA7927CD3222003420C1 /* Base */ = {isa = PBXFileReference; lastKnownFileType = file.storyboard; name = Base; path = Base.lproj/Main.storyboard; sourceTree = "<group>"; };
		273EDA7B27CD3223003420C1 /* Assets.xcassets */ = {isa = PBXFileReference; lastKnownFileType = folder.assetcatalog; path = Assets.xcassets; sourceTree = "<group>"; };
		273EDA7E27CD3223003420C1 /* Base */ = {isa = PBXFileReference; lastKnownFileType = file.storyboard; name = Base; path = Base.lproj/LaunchScreen.storyboard; sourceTree = "<group>"; };
		273EDA8027CD3223003420C1 /* Info.plist */ = {isa = PBXFileReference; lastKnownFileType = text.plist.xml; path = Info.plist; sourceTree = "<group>"; };
		273EDA8827CD3562003420C1 /* Constants.swift */ = {isa = PBXFileReference; fileEncoding = 4; lastKnownFileType = sourcecode.swift; path = Constants.swift; sourceTree = "<group>"; };
		273EDA8A27CD3562003420C1 /* NetworkManager.swift */ = {isa = PBXFileReference; fileEncoding = 4; lastKnownFileType = sourcecode.swift; path = NetworkManager.swift; sourceTree = "<group>"; };
		273EDA8B27CD3562003420C1 /* Extensions.swift */ = {isa = PBXFileReference; fileEncoding = 4; lastKnownFileType = sourcecode.swift; path = Extensions.swift; sourceTree = "<group>"; };
		273EDA8F27CD3562003420C1 /* AppDelegate.swift */ = {isa = PBXFileReference; fileEncoding = 4; lastKnownFileType = sourcecode.swift; path = AppDelegate.swift; sourceTree = "<group>"; };
		273EDA9027CD3562003420C1 /* SceneDelegate.swift */ = {isa = PBXFileReference; fileEncoding = 4; lastKnownFileType = sourcecode.swift; path = SceneDelegate.swift; sourceTree = "<group>"; };
		273EDA9727CD39BB003420C1 /* PhotoGalleryViewModel.swift */ = {isa = PBXFileReference; lastKnownFileType = sourcecode.swift; path = PhotoGalleryViewModel.swift; sourceTree = "<group>"; };
		273EDA9927CD39D6003420C1 /* PhotoGalleryViewC.swift */ = {isa = PBXFileReference; lastKnownFileType = sourcecode.swift; path = PhotoGalleryViewC.swift; sourceTree = "<group>"; };
		273EDA9B27CD3AC6003420C1 /* PhotoGallery.swift */ = {isa = PBXFileReference; lastKnownFileType = sourcecode.swift; path = PhotoGallery.swift; sourceTree = "<group>"; };
		273EDA9D27CD6A0D003420C1 /* PhotoGalleryTableCell.swift */ = {isa = PBXFileReference; lastKnownFileType = sourcecode.swift; path = PhotoGalleryTableCell.swift; sourceTree = "<group>"; };
		2764DB9027CD7F9800E4D397 /* PhotoPreviewViewC.swift */ = {isa = PBXFileReference; lastKnownFileType = sourcecode.swift; path = PhotoPreviewViewC.swift; sourceTree = "<group>"; };
		2764DB9227CD807D00E4D397 /* PhotoPreviewViewModel.swift */ = {isa = PBXFileReference; lastKnownFileType = sourcecode.swift; path = PhotoPreviewViewModel.swift; sourceTree = "<group>"; };
		A7E1BEE13FE8B87F74E42489 /* Pods-FlickrPhotoGallery.debug.xcconfig */ = {isa = PBXFileReference; includeInIndex = 1; lastKnownFileType = text.xcconfig; name = "Pods-FlickrPhotoGallery.debug.xcconfig"; path = "Target Support Files/Pods-FlickrPhotoGallery/Pods-FlickrPhotoGallery.debug.xcconfig"; sourceTree = "<group>"; };
		B683D592E3AF1F08D60C8014 /* Pods_FlickrPhotoGallery.framework */ = {isa = PBXFileReference; explicitFileType = wrapper.framework; includeInIndex = 0; path = Pods_FlickrPhotoGallery.framework; sourceTree = BUILT_PRODUCTS_DIR; };
		E318A67152BE6EC3425A782B /* Pods-FlickrPhotoGallery.release.xcconfig */ = {isa = PBXFileReference; includeInIndex = 1; lastKnownFileType = text.xcconfig; name = "Pods-FlickrPhotoGallery.release.xcconfig"; path = "Target Support Files/Pods-FlickrPhotoGallery/Pods-FlickrPhotoGallery.release.xcconfig"; sourceTree = "<group>"; };
/* End PBXFileReference section */

/* Begin PBXFrameworksBuildPhase section */
		273EDA6C27CD3222003420C1 /* Frameworks */ = {
			isa = PBXFrameworksBuildPhase;
			buildActionMask = 2147483647;
			files = (
				F8B052EA6A6A47A69BDC96F5 /* Pods_FlickrPhotoGallery.framework in Frameworks */,
			);
			runOnlyForDeploymentPostprocessing = 0;
		};
/* End PBXFrameworksBuildPhase section */

/* Begin PBXGroup section */
		058F23552E9064EC054D4631 /* Frameworks */ = {
			isa = PBXGroup;
			children = (
				B683D592E3AF1F08D60C8014 /* Pods_FlickrPhotoGallery.framework */,
			);
			name = Frameworks;
			sourceTree = "<group>";
		};
		1E781114A5605EBC3F555CF2 /* Pods */ = {
			isa = PBXGroup;
			children = (
				A7E1BEE13FE8B87F74E42489 /* Pods-FlickrPhotoGallery.debug.xcconfig */,
				E318A67152BE6EC3425A782B /* Pods-FlickrPhotoGallery.release.xcconfig */,
			);
			path = Pods;
			sourceTree = "<group>";
		};
		273EDA6627CD3222003420C1 = {
			isa = PBXGroup;
			children = (
				273EDA7127CD3222003420C1 /* FlickrPhotoGallery */,
				273EDA7027CD3222003420C1 /* Products */,
				1E781114A5605EBC3F555CF2 /* Pods */,
				058F23552E9064EC054D4631 /* Frameworks */,
			);
			sourceTree = "<group>";
		};
		273EDA7027CD3222003420C1 /* Products */ = {
			isa = PBXGroup;
			children = (
				273EDA6F27CD3222003420C1 /* FlickrPhotoGallery.app */,
			);
			name = Products;
			sourceTree = "<group>";
		};
		273EDA7127CD3222003420C1 /* FlickrPhotoGallery */ = {
			isa = PBXGroup;
			children = (
				273EDA8027CD3223003420C1 /* Info.plist */,
				273EDA7B27CD3223003420C1 /* Assets.xcassets */,
				273EDA8E27CD3562003420C1 /* ApplicationDelegate */,
				273EDA7D27CD3223003420C1 /* LaunchScreen.storyboard */,
				273EDA7827CD3222003420C1 /* Main.storyboard */,
				273EDA8627CD3562003420C1 /* Model */,
				273EDA8727CD3562003420C1 /* Utilities */,
				273EDA8C27CD3562003420C1 /* ViewController */,
				273EDA8D27CD3562003420C1 /* ViewModel */,
			);
			path = FlickrPhotoGallery;
			sourceTree = "<group>";
		};
		273EDA8627CD3562003420C1 /* Model */ = {
			isa = PBXGroup;
			children = (
				273EDA9B27CD3AC6003420C1 /* PhotoGallery.swift */,
			);
			path = Model;
			sourceTree = "<group>";
		};
		273EDA8727CD3562003420C1 /* Utilities */ = {
			isa = PBXGroup;
			children = (
				273EDA8827CD3562003420C1 /* Constants.swift */,
				273EDA8B27CD3562003420C1 /* Extensions.swift */,
				273EDA8927CD3562003420C1 /* NetworkManager */,
			);
			path = Utilities;
			sourceTree = "<group>";
		};
		273EDA8927CD3562003420C1 /* NetworkManager */ = {
			isa = PBXGroup;
			children = (
				273EDA8A27CD3562003420C1 /* NetworkManager.swift */,
			);
			path = NetworkManager;
			sourceTree = "<group>";
		};
		273EDA8C27CD3562003420C1 /* ViewController */ = {
			isa = PBXGroup;
			children = (
				273EDA9627CD39AA003420C1 /* PhotoGalleryViewC */,
				2764DB8F27CD7F7D00E4D397 /* PhotoPreviewViewC */,
			);
			path = ViewController;
			sourceTree = "<group>";
		};
		273EDA8D27CD3562003420C1 /* ViewModel */ = {
			isa = PBXGroup;
			children = (
				273EDA9727CD39BB003420C1 /* PhotoGalleryViewModel.swift */,
				2764DB9227CD807D00E4D397 /* PhotoPreviewViewModel.swift */,
			);
			path = ViewModel;
			sourceTree = "<group>";
		};
		273EDA8E27CD3562003420C1 /* ApplicationDelegate */ = {
			isa = PBXGroup;
			children = (
				273EDA8F27CD3562003420C1 /* AppDelegate.swift */,
				273EDA9027CD3562003420C1 /* SceneDelegate.swift */,
			);
			path = ApplicationDelegate;
			sourceTree = "<group>";
		};
		273EDA9627CD39AA003420C1 /* PhotoGalleryViewC */ = {
			isa = PBXGroup;
			children = (
				273EDA9927CD39D6003420C1 /* PhotoGalleryViewC.swift */,
				273EDA9D27CD6A0D003420C1 /* PhotoGalleryTableCell.swift */,
			);
			path = PhotoGalleryViewC;
			sourceTree = "<group>";
		};
		2764DB8F27CD7F7D00E4D397 /* PhotoPreviewViewC */ = {
			isa = PBXGroup;
			children = (
				2764DB9027CD7F9800E4D397 /* PhotoPreviewViewC.swift */,
			);
			path = PhotoPreviewViewC;
			sourceTree = "<group>";
		};
/* End PBXGroup section */

/* Begin PBXNativeTarget section */
		273EDA6E27CD3222003420C1 /* FlickrPhotoGallery */ = {
			isa = PBXNativeTarget;
			buildConfigurationList = 273EDA8327CD3223003420C1 /* Build configuration list for PBXNativeTarget "FlickrPhotoGallery" */;
			buildPhases = (
				66DBEEE7BC701682796F2D2F /* [CP] Check Pods Manifest.lock */,
				273EDA6B27CD3222003420C1 /* Sources */,
				273EDA6C27CD3222003420C1 /* Frameworks */,
				273EDA6D27CD3222003420C1 /* Resources */,
				9CE36DCC87BAC6A29588DD02 /* [CP] Embed Pods Frameworks */,
			);
			buildRules = (
			);
			dependencies = (
			);
			name = FlickrPhotoGallery;
			productName = FlickrPhotoGallery;
			productReference = 273EDA6F27CD3222003420C1 /* FlickrPhotoGallery.app */;
			productType = "com.apple.product-type.application";
		};
/* End PBXNativeTarget section */

/* Begin PBXProject section */
		273EDA6727CD3222003420C1 /* Project object */ = {
			isa = PBXProject;
			attributes = {
				BuildIndependentTargetsInParallel = 1;
				LastSwiftUpdateCheck = 1320;
				LastUpgradeCheck = 1320;
				TargetAttributes = {
					273EDA6E27CD3222003420C1 = {
						CreatedOnToolsVersion = 13.2.1;
					};
				};
			};
			buildConfigurationList = 273EDA6A27CD3222003420C1 /* Build configuration list for PBXProject "FlickrPhotoGallery" */;
			compatibilityVersion = "Xcode 13.0";
			developmentRegion = en;
			hasScannedForEncodings = 0;
			knownRegions = (
				en,
				Base,
			);
			mainGroup = 273EDA6627CD3222003420C1;
			productRefGroup = 273EDA7027CD3222003420C1 /* Products */;
			projectDirPath = "";
			projectRoot = "";
			targets = (
				273EDA6E27CD3222003420C1 /* FlickrPhotoGallery */,
			);
		};
/* End PBXProject section */

/* Begin PBXResourcesBuildPhase section */
		273EDA6D27CD3222003420C1 /* Resources */ = {
			isa = PBXResourcesBuildPhase;
			buildActionMask = 2147483647;
			files = (
				273EDA7F27CD3223003420C1 /* LaunchScreen.storyboard in Resources */,
				273EDA7C27CD3223003420C1 /* Assets.xcassets in Resources */,
				273EDA7A27CD3222003420C1 /* Main.storyboard in Resources */,
			);
			runOnlyForDeploymentPostprocessing = 0;
		};
/* End PBXResourcesBuildPhase section */

/* Begin PBXShellScriptBuildPhase section */
		66DBEEE7BC701682796F2D2F /* [CP] Check Pods Manifest.lock */ = {
			isa = PBXShellScriptBuildPhase;
			buildActionMask = 2147483647;
			files = (
			);
			inputFileListPaths = (
			);
			inputPaths = (
				"${PODS_PODFILE_DIR_PATH}/Podfile.lock",
				"${PODS_ROOT}/Manifest.lock",
			);
			name = "[CP] Check Pods Manifest.lock";
			outputFileListPaths = (
			);
			outputPaths = (
				"$(DERIVED_FILE_DIR)/Pods-FlickrPhotoGallery-checkManifestLockResult.txt",
			);
			runOnlyForDeploymentPostprocessing = 0;
			shellPath = /bin/sh;
			shellScript = "diff \"${PODS_PODFILE_DIR_PATH}/Podfile.lock\" \"${PODS_ROOT}/Manifest.lock\" > /dev/null\nif [ $? != 0 ] ; then\n    # print error to STDERR\n    echo \"error: The sandbox is not in sync with the Podfile.lock. Run 'pod install' or update your CocoaPods installation.\" >&2\n    exit 1\nfi\n# This output is used by Xcode 'outputs' to avoid re-running this script phase.\necho \"SUCCESS\" > \"${SCRIPT_OUTPUT_FILE_0}\"\n";
			showEnvVarsInLog = 0;
		};
		9CE36DCC87BAC6A29588DD02 /* [CP] Embed Pods Frameworks */ = {
			isa = PBXShellScriptBuildPhase;
			buildActionMask = 2147483647;
			files = (
			);
			inputFileListPaths = (
				"${PODS_ROOT}/Target Support Files/Pods-FlickrPhotoGallery/Pods-FlickrPhotoGallery-frameworks-${CONFIGURATION}-input-files.xcfilelist",
			);
			name = "[CP] Embed Pods Frameworks";
			outputFileListPaths = (
				"${PODS_ROOT}/Target Support Files/Pods-FlickrPhotoGallery/Pods-FlickrPhotoGallery-frameworks-${CONFIGURATION}-output-files.xcfilelist",
			);
			runOnlyForDeploymentPostprocessing = 0;
			shellPath = /bin/sh;
			shellScript = "\"${PODS_ROOT}/Target Support Files/Pods-FlickrPhotoGallery/Pods-FlickrPhotoGallery-frameworks.sh\"\n";
			showEnvVarsInLog = 0;
		};
/* End PBXShellScriptBuildPhase section */

/* Begin PBXSourcesBuildPhase section */
		273EDA6B27CD3222003420C1 /* Sources */ = {
			isa = PBXSourcesBuildPhase;
			buildActionMask = 2147483647;
			files = (
				273EDA9527CD3562003420C1 /* SceneDelegate.swift in Sources */,
				2764DB9327CD807D00E4D397 /* PhotoPreviewViewModel.swift in Sources */,
				273EDA9427CD3562003420C1 /* AppDelegate.swift in Sources */,
				273EDA9227CD3562003420C1 /* NetworkManager.swift in Sources */,
				273EDA9327CD3562003420C1 /* Extensions.swift in Sources */,
				2764DB9127CD7F9800E4D397 /* PhotoPreviewViewC.swift in Sources */,
				273EDA9827CD39BB003420C1 /* PhotoGalleryViewModel.swift in Sources */,
				273EDA9A27CD39D6003420C1 /* PhotoGalleryViewC.swift in Sources */,
				273EDA9127CD3562003420C1 /* Constants.swift in Sources */,
				273EDA9C27CD3AC6003420C1 /* PhotoGallery.swift in Sources */,
				273EDA9E27CD6A0D003420C1 /* PhotoGalleryTableCell.swift in Sources */,
			);
			runOnlyForDeploymentPostprocessing = 0;
		};
/* End PBXSourcesBuildPhase section */

/* Begin PBXVariantGroup section */
		273EDA7827CD3222003420C1 /* Main.storyboard */ = {
			isa = PBXVariantGroup;
			children = (
				273EDA7927CD3222003420C1 /* Base */,
			);
			name = Main.storyboard;
			sourceTree = "<group>";
		};
		273EDA7D27CD3223003420C1 /* LaunchScreen.storyboard */ = {
			isa = PBXVariantGroup;
			children = (
				273EDA7E27CD3223003420C1 /* Base */,
			);
			name = LaunchScreen.storyboard;
			sourceTree = "<group>";
		};
/* End PBXVariantGroup section */

/* Begin XCBuildConfiguration section */
		273EDA8127CD3223003420C1 /* Debug */ = {
			isa = XCBuildConfiguration;
			buildSettings = {
				ALWAYS_SEARCH_USER_PATHS = NO;
				CLANG_ANALYZER_NONNULL = YES;
				CLANG_ANALYZER_NUMBER_OBJECT_CONVERSION = YES_AGGRESSIVE;
				CLANG_CXX_LANGUAGE_STANDARD = "gnu++17";
				CLANG_CXX_LIBRARY = "libc++";
				CLANG_ENABLE_MODULES = YES;
				CLANG_ENABLE_OBJC_ARC = YES;
				CLANG_ENABLE_OBJC_WEAK = YES;
				CLANG_WARN_BLOCK_CAPTURE_AUTORELEASING = YES;
				CLANG_WARN_BOOL_CONVERSION = YES;
				CLANG_WARN_COMMA = YES;
				CLANG_WARN_CONSTANT_CONVERSION = YES;
				CLANG_WARN_DEPRECATED_OBJC_IMPLEMENTATIONS = YES;
				CLANG_WARN_DIRECT_OBJC_ISA_USAGE = YES_ERROR;
				CLANG_WARN_DOCUMENTATION_COMMENTS = YES;
				CLANG_WARN_EMPTY_BODY = YES;
				CLANG_WARN_ENUM_CONVERSION = YES;
				CLANG_WARN_INFINITE_RECURSION = YES;
				CLANG_WARN_INT_CONVERSION = YES;
				CLANG_WARN_NON_LITERAL_NULL_CONVERSION = YES;
				CLANG_WARN_OBJC_IMPLICIT_RETAIN_SELF = YES;
				CLANG_WARN_OBJC_LITERAL_CONVERSION = YES;
				CLANG_WARN_OBJC_ROOT_CLASS = YES_ERROR;
				CLANG_WARN_QUOTED_INCLUDE_IN_FRAMEWORK_HEADER = YES;
				CLANG_WARN_RANGE_LOOP_ANALYSIS = YES;
				CLANG_WARN_STRICT_PROTOTYPES = YES;
				CLANG_WARN_SUSPICIOUS_MOVE = YES;
				CLANG_WARN_UNGUARDED_AVAILABILITY = YES_AGGRESSIVE;
				CLANG_WARN_UNREACHABLE_CODE = YES;
				CLANG_WARN__DUPLICATE_METHOD_MATCH = YES;
				COPY_PHASE_STRIP = NO;
				DEBUG_INFORMATION_FORMAT = dwarf;
				ENABLE_STRICT_OBJC_MSGSEND = YES;
				ENABLE_TESTABILITY = YES;
				GCC_C_LANGUAGE_STANDARD = gnu11;
				GCC_DYNAMIC_NO_PIC = NO;
				GCC_NO_COMMON_BLOCKS = YES;
				GCC_OPTIMIZATION_LEVEL = 0;
				GCC_PREPROCESSOR_DEFINITIONS = (
					"DEBUG=1",
					"$(inherited)",
				);
				GCC_WARN_64_TO_32_BIT_CONVERSION = YES;
				GCC_WARN_ABOUT_RETURN_TYPE = YES_ERROR;
				GCC_WARN_UNDECLARED_SELECTOR = YES;
				GCC_WARN_UNINITIALIZED_AUTOS = YES_AGGRESSIVE;
				GCC_WARN_UNUSED_FUNCTION = YES;
				GCC_WARN_UNUSED_VARIABLE = YES;
				IPHONEOS_DEPLOYMENT_TARGET = 15.2;
				MTL_ENABLE_DEBUG_INFO = INCLUDE_SOURCE;
				MTL_FAST_MATH = YES;
				ONLY_ACTIVE_ARCH = YES;
				SDKROOT = iphoneos;
				SWIFT_ACTIVE_COMPILATION_CONDITIONS = DEBUG;
				SWIFT_OPTIMIZATION_LEVEL = "-Onone";
			};
			name = Debug;
		};
		273EDA8227CD3223003420C1 /* Release */ = {
			isa = XCBuildConfiguration;
			buildSettings = {
				ALWAYS_SEARCH_USER_PATHS = NO;
				CLANG_ANALYZER_NONNULL = YES;
				CLANG_ANALYZER_NUMBER_OBJECT_CONVERSION = YES_AGGRESSIVE;
				CLANG_CXX_LANGUAGE_STANDARD = "gnu++17";
				CLANG_CXX_LIBRARY = "libc++";
				CLANG_ENABLE_MODULES = YES;
				CLANG_ENABLE_OBJC_ARC = YES;
				CLANG_ENABLE_OBJC_WEAK = YES;
				CLANG_WARN_BLOCK_CAPTURE_AUTORELEASING = YES;
				CLANG_WARN_BOOL_CONVERSION = YES;
				CLANG_WARN_COMMA = YES;
				CLANG_WARN_CONSTANT_CONVERSION = YES;
				CLANG_WARN_DEPRECATED_OBJC_IMPLEMENTATIONS = YES;
				CLANG_WARN_DIRECT_OBJC_ISA_USAGE = YES_ERROR;
				CLANG_WARN_DOCUMENTATION_COMMENTS = YES;
				CLANG_WARN_EMPTY_BODY = YES;
				CLANG_WARN_ENUM_CONVERSION = YES;
				CLANG_WARN_INFINITE_RECURSION = YES;
				CLANG_WARN_INT_CONVERSION = YES;
				CLANG_WARN_NON_LITERAL_NULL_CONVERSION = YES;
				CLANG_WARN_OBJC_IMPLICIT_RETAIN_SELF = YES;
				CLANG_WARN_OBJC_LITERAL_CONVERSION = YES;
				CLANG_WARN_OBJC_ROOT_CLASS = YES_ERROR;
				CLANG_WARN_QUOTED_INCLUDE_IN_FRAMEWORK_HEADER = YES;
				CLANG_WARN_RANGE_LOOP_ANALYSIS = YES;
				CLANG_WARN_STRICT_PROTOTYPES = YES;
				CLANG_WARN_SUSPICIOUS_MOVE = YES;
				CLANG_WARN_UNGUARDED_AVAILABILITY = YES_AGGRESSIVE;
				CLANG_WARN_UNREACHABLE_CODE = YES;
				CLANG_WARN__DUPLICATE_METHOD_MATCH = YES;
				COPY_PHASE_STRIP = NO;
				DEBUG_INFORMATION_FORMAT = "dwarf-with-dsym";
				ENABLE_NS_ASSERTIONS = NO;
				ENABLE_STRICT_OBJC_MSGSEND = YES;
				GCC_C_LANGUAGE_STANDARD = gnu11;
				GCC_NO_COMMON_BLOCKS = YES;
				GCC_WARN_64_TO_32_BIT_CONVERSION = YES;
				GCC_WARN_ABOUT_RETURN_TYPE = YES_ERROR;
				GCC_WARN_UNDECLARED_SELECTOR = YES;
				GCC_WARN_UNINITIALIZED_AUTOS = YES_AGGRESSIVE;
				GCC_WARN_UNUSED_FUNCTION = YES;
				GCC_WARN_UNUSED_VARIABLE = YES;
				IPHONEOS_DEPLOYMENT_TARGET = 15.2;
				MTL_ENABLE_DEBUG_INFO = NO;
				MTL_FAST_MATH = YES;
				SDKROOT = iphoneos;
				SWIFT_COMPILATION_MODE = wholemodule;
				SWIFT_OPTIMIZATION_LEVEL = "-O";
				VALIDATE_PRODUCT = YES;
			};
			name = Release;
		};
		273EDA8427CD3223003420C1 /* Debug */ = {
			isa = XCBuildConfiguration;
			baseConfigurationReference = A7E1BEE13FE8B87F74E42489 /* Pods-FlickrPhotoGallery.debug.xcconfig */;
			buildSettings = {
				ASSETCATALOG_COMPILER_APPICON_NAME = AppIcon;
				ASSETCATALOG_COMPILER_GLOBAL_ACCENT_COLOR_NAME = AccentColor;
				CODE_SIGN_STYLE = Automatic;
				CURRENT_PROJECT_VERSION = 1;
				GENERATE_INFOPLIST_FILE = YES;
				INFOPLIST_FILE = FlickrPhotoGallery/Info.plist;
				INFOPLIST_KEY_UIApplicationSupportsIndirectInputEvents = YES;
				INFOPLIST_KEY_UILaunchStoryboardName = LaunchScreen;
				INFOPLIST_KEY_UIMainStoryboardFile = Main;
				INFOPLIST_KEY_UISupportedInterfaceOrientations_iPad = "UIInterfaceOrientationPortrait UIInterfaceOrientationPortraitUpsideDown UIInterfaceOrientationLandscapeLeft UIInterfaceOrientationLandscapeRight";
				INFOPLIST_KEY_UISupportedInterfaceOrientations_iPhone = "UIInterfaceOrientationPortrait UIInterfaceOrientationLandscapeLeft UIInterfaceOrientationLandscapeRight";
				IPHONEOS_DEPLOYMENT_TARGET = 14.0;
				LD_RUNPATH_SEARCH_PATHS = (
					"$(inherited)",
					"@executable_path/Frameworks",
				);
				MARKETING_VERSION = 1.0;
				PRODUCT_BUNDLE_IDENTIFIER = com.app.FlickrPhotoGallery;
				PRODUCT_NAME = "$(TARGET_NAME)";
				SWIFT_EMIT_LOC_STRINGS = YES;
				SWIFT_VERSION = 5.0;
				TARGETED_DEVICE_FAMILY = 1;
			};
			name = Debug;
		};
		273EDA8527CD3223003420C1 /* Release */ = {
			isa = XCBuildConfiguration;
			baseConfigurationReference = E318A67152BE6EC3425A782B /* Pods-FlickrPhotoGallery.release.xcconfig */;
			buildSettings = {
				ASSETCATALOG_COMPILER_APPICON_NAME = AppIcon;
				ASSETCATALOG_COMPILER_GLOBAL_ACCENT_COLOR_NAME = AccentColor;
				CODE_SIGN_STYLE = Automatic;
				CURRENT_PROJECT_VERSION = 1;
				GENERATE_INFOPLIST_FILE = YES;
				INFOPLIST_FILE = FlickrPhotoGallery/Info.plist;
				INFOPLIST_KEY_UIApplicationSupportsIndirectInputEvents = YES;
				INFOPLIST_KEY_UILaunchStoryboardName = LaunchScreen;
				INFOPLIST_KEY_UIMainStoryboardFile = Main;
				INFOPLIST_KEY_UISupportedInterfaceOrientations_iPad = "UIInterfaceOrientationPortrait UIInterfaceOrientationPortraitUpsideDown UIInterfaceOrientationLandscapeLeft UIInterfaceOrientationLandscapeRight";
				INFOPLIST_KEY_UISupportedInterfaceOrientations_iPhone = "UIInterfaceOrientationPortrait UIInterfaceOrientationLandscapeLeft UIInterfaceOrientationLandscapeRight";
				IPHONEOS_DEPLOYMENT_TARGET = 14.0;
				LD_RUNPATH_SEARCH_PATHS = (
					"$(inherited)",
					"@executable_path/Frameworks",
				);
				MARKETING_VERSION = 1.0;
				PRODUCT_BUNDLE_IDENTIFIER = com.app.FlickrPhotoGallery;
				PRODUCT_NAME = "$(TARGET_NAME)";
				SWIFT_EMIT_LOC_STRINGS = YES;
				SWIFT_VERSION = 5.0;
				TARGETED_DEVICE_FAMILY = 1;
			};
			name = Release;
		};
/* End XCBuildConfiguration section */

/* Begin XCConfigurationList section */
		273EDA6A27CD3222003420C1 /* Build configuration list for PBXProject "FlickrPhotoGallery" */ = {
			isa = XCConfigurationList;
			buildConfigurations = (
				273EDA8127CD3223003420C1 /* Debug */,
				273EDA8227CD3223003420C1 /* Release */,
			);
			defaultConfigurationIsVisible = 0;
			defaultConfigurationName = Release;
		};
		273EDA8327CD3223003420C1 /* Build configuration list for PBXNativeTarget "FlickrPhotoGallery" */ = {
			isa = XCConfigurationList;
			buildConfigurations = (
				273EDA8427CD3223003420C1 /* Debug */,
				273EDA8527CD3223003420C1 /* Release */,
			);
			defaultConfigurationIsVisible = 0;
			defaultConfigurationName = Release;
		};
/* End XCConfigurationList section */
	};
	rootObject = 273EDA6727CD3222003420C1 /* Project object */;
}
